
Microsoft Visual Studio Solution File, Format Version 12.00
# Visual Studio Version 17
VisualStudioVersion = 17.8.34330.188
MinimumVisualStudioVersion = 10.0.40219.1
Project("{FAE04EC0-301F-11D3-BF4B-00C04F79EFBC}") = "NetAPIExp", "NetAPIExp\NetAPIExp.csproj", "{64D08294-4AAB-4B01-A4D4-F8C86425CD72}"
EndProject
Global
	GlobalSection(SolutionConfigurationPlatforms) = preSolution
		Debug|Any CPU = Debug|Any CPU
		Release|Any CPU = Release|Any CPU
	EndGlobalSection
	GlobalSection(ProjectConfigurationPlatforms) = postSolution
		{64D08294-4AAB-4B01-A4D4-F8C86425CD72}.Debug|Any CPU.ActiveCfg = Debug|Any CPU
		{64D08294-4AAB-4B01-A4D4-F8C86425CD72}.Debug|Any CPU.Build.0 = Debug|Any CPU
		{64D08294-4AAB-4B01-A4D4-F8C86425CD72}.Release|Any CPU.ActiveCfg = Release|Any CPU
		{64D08294-4AAB-4B01-A4D4-F8C86425CD72}.Release|Any CPU.Build.0 = Release|Any CPU
	EndGlobalSection
	GlobalSection(SolutionProperties) = preSolution
		HideSolutionNode = FALSE
	EndGlobalSection
	GlobalSection(ExtensibilityGlobals) = postSolution
		SolutionGuid = {C7D84D43-8A1D-4D73-891F-2789384DCBD1}
	EndGlobalSection
EndGlobal
